
Microsoft Visual Studio Solution File, Format Version 12.00
# Visual Studio Version 16
VisualStudioVersion = 16.0.29123.88
MinimumVisualStudioVersion = 10.0.40219.1
Project("{FAE04EC0-301F-11D3-BF4B-00C04F79EFBC}") = "SP.ConsoleApp", "SP.ConsoleApp\SP.ConsoleApp.csproj", "{73FD8BB1-2AF3-4D4F-A3C0-4E5A12FEC831}"
EndProject
Project("{FAE04EC0-301F-11D3-BF4B-00C04F79EFBC}") = "SP.Data", "SP.Data\SP.Data.csproj", "{ACE12484-1C1F-49D4-9FF7-7AC24381DCDE}"
EndProject
Project("{FAE04EC0-301F-11D3-BF4B-00C04F79EFBC}") = "SP.Api", "SP.Api\SP.Api.csproj", "{71B4B5A3-3F12-495B-8DA4-74F5CA2FBF08}"
EndProject
Global
	GlobalSection(SolutionConfigurationPlatforms) = preSolution
		Debug|Any CPU = Debug|Any CPU
		Release|Any CPU = Release|Any CPU
	EndGlobalSection
	GlobalSection(ProjectConfigurationPlatforms) = postSolution
		{73FD8BB1-2AF3-4D4F-A3C0-4E5A12FEC831}.Debug|Any CPU.ActiveCfg = Debug|Any CPU
		{73FD8BB1-2AF3-4D4F-A3C0-4E5A12FEC831}.Debug|Any CPU.Build.0 = Debug|Any CPU
		{73FD8BB1-2AF3-4D4F-A3C0-4E5A12FEC831}.Release|Any CPU.ActiveCfg = Release|Any CPU
		{73FD8BB1-2AF3-4D4F-A3C0-4E5A12FEC831}.Release|Any CPU.Build.0 = Release|Any CPU
		{ACE12484-1C1F-49D4-9FF7-7AC24381DCDE}.Debug|Any CPU.ActiveCfg = Debug|Any CPU
		{ACE12484-1C1F-49D4-9FF7-7AC24381DCDE}.Debug|Any CPU.Build.0 = Debug|Any CPU
		{ACE12484-1C1F-49D4-9FF7-7AC24381DCDE}.Release|Any CPU.ActiveCfg = Release|Any CPU
		{ACE12484-1C1F-49D4-9FF7-7AC24381DCDE}.Release|Any CPU.Build.0 = Release|Any CPU
		{71B4B5A3-3F12-495B-8DA4-74F5CA2FBF08}.Debug|Any CPU.ActiveCfg = Debug|Any CPU
		{71B4B5A3-3F12-495B-8DA4-74F5CA2FBF08}.Debug|Any CPU.Build.0 = Debug|Any CPU
		{71B4B5A3-3F12-495B-8DA4-74F5CA2FBF08}.Release|Any CPU.ActiveCfg = Release|Any CPU
		{71B4B5A3-3F12-495B-8DA4-74F5CA2FBF08}.Release|Any CPU.Build.0 = Release|Any CPU
	EndGlobalSection
	GlobalSection(SolutionProperties) = preSolution
		HideSolutionNode = FALSE
	EndGlobalSection
	GlobalSection(ExtensibilityGlobals) = postSolution
		SolutionGuid = {13331C42-2F0C-46AF-A314-12AB81B65D9A}
	EndGlobalSection
EndGlobal
